PODS:
  - KTCategories (0.0.6)

DEPENDENCIES:
  - KTCategories (from `https://github.com/keighl/KTCategories.git`)

EXTERNAL SOURCES:
  KTCategories:
    :git: https://github.com/keighl/KTCategories.git

CHECKOUT OPTIONS:
  KTCategories:
    :commit: 8d390bfbc78aa9b3e65431a7497836efcf22fa71
    :git: https://github.com/keighl/KTCategories.git

SPEC CHECKSUMS:
  KTCategories: 7241992b9e90a26ffbba2d96a66deee4332d10c4

COCOAPODS: 0.39.0
