// !$*UTF8*$!
{
	archiveVersion = 1;
	classes = {
	};
	objectVersion = 46;
	objects = {

/* Begin PBXBuildFile section */
		5351A7ABCC652379D5412043 /* libPods-CenterFlowTests.a in Frameworks */ = {isa = PBXBuildFile; fileRef = BA0FF2F233AC4708DDDF959F /* libPods-CenterFlowTests.a */; };
		89C9C8C1CAA139E8C3F8DC27 /* libPods-CenterFlow.a in Frameworks */ = {isa = PBXBuildFile; fileRef = 19FE6FBDF1A7F0531B0558FC /* libPods-CenterFlow.a */; };
		CF2A543419E702E500BAFA7F /* main.m in Sources */ = {isa = PBXBuildFile; fileRef = CF2A543319E702E500BAFA7F /* main.m */; };
		CF2A543719E702E500BAFA7F /* KTAppDelegate.m in Sources */ = {isa = PBXBuildFile; fileRef = CF2A543619E702E500BAFA7F /* KTAppDelegate.m */; };
		CF2A543F19E702E500BAFA7F /* Images.xcassets in Resources */ = {isa = PBXBuildFile; fileRef = CF2A543E19E702E500BAFA7F /* Images.xcassets */; };
		CF2A544E19E702E500BAFA7F /* CenterFlowTests.m in Sources */ = {isa = PBXBuildFile; fileRef = CF2A544D19E702E500BAFA7F /* CenterFlowTests.m */; };
		CF2A545919E704C700BAFA7F /* KTMainController.m in Sources */ = {isa = PBXBuildFile; fileRef = CF2A545819E704C700BAFA7F /* KTMainController.m */; };
		CF2A545C19E7061300BAFA7F /* KTAwesomeCell.m in Sources */ = {isa = PBXBuildFile; fileRef = CF2A545B19E7061300BAFA7F /* KTAwesomeCell.m */; };
		CF2A545E19E7084100BAFA7F /* Default-568h@2x.png in Resources */ = {isa = PBXBuildFile; fileRef = CF2A545D19E7084100BAFA7F /* Default-568h@2x.png */; };
/* End PBXBuildFile section */

/* Begin PBXContainerItemProxy section */
		CF2A544819E702E500BAFA7F /* PBXContainerItemProxy */ = {
			isa = PBXContainerItemProxy;
			containerPortal = CF2A542619E702E500BAFA7F /* Project object */;
			proxyType = 1;
			remoteGlobalIDString = CF2A542D19E702E500BAFA7F;
			remoteInfo = CenterFlow;
		};
/* End PBXContainerItemProxy section */

/* Begin PBXFileReference section */
		19FE6FBDF1A7F0531B0558FC /* libPods-CenterFlow.a */ = {isa = PBXFileReference; explicitFileType = archive.ar; includeInIndex = 0; path = "libPods-CenterFlow.a"; sourceTree = BUILT_PRODUCTS_DIR; };
		3ECF6DD851140C95357BED1E /* Pods-CenterFlowTests.debug.xcconfig */ = {isa = PBXFileReference; includeInIndex = 1; lastKnownFileType = text.xcconfig; name = "Pods-CenterFlowTests.debug.xcconfig"; path = "Pods/Target Support Files/Pods-CenterFlowTests/Pods-CenterFlowTests.debug.xcconfig"; sourceTree = "<group>"; };
		4AFEF64C7155472DB962BE48 /* Pods-CenterFlow.release.xcconfig */ = {isa = PBXFileReference; includeInIndex = 1; lastKnownFileType = text.xcconfig; name = "Pods-CenterFlow.release.xcconfig"; path = "Pods/Target Support Files/Pods-CenterFlow/Pods-CenterFlow.release.xcconfig"; sourceTree = "<group>"; };
		53AAACBC5E8ACD76A2F4BF31 /* Pods-CenterFlowTests.release.xcconfig */ = {isa = PBXFileReference; includeInIndex = 1; lastKnownFileType = text.xcconfig; name = "Pods-CenterFlowTests.release.xcconfig"; path = "Pods/Target Support Files/Pods-CenterFlowTests/Pods-CenterFlowTests.release.xcconfig"; sourceTree = "<group>"; };
		A75292300854AF4BFB32B96E /* Pods-CenterFlow.debug.xcconfig */ = {isa = PBXFileReference; includeInIndex = 1; lastKnownFileType = text.xcconfig; name = "Pods-CenterFlow.debug.xcconfig"; path = "Pods/Target Support Files/Pods-CenterFlow/Pods-CenterFlow.debug.xcconfig"; sourceTree = "<group>"; };
		BA0FF2F233AC4708DDDF959F /* libPods-CenterFlowTests.a */ = {isa = PBXFileReference; explicitFileType = archive.ar; includeInIndex = 0; path = "libPods-CenterFlowTests.a"; sourceTree = BUILT_PRODUCTS_DIR; };
		CF2A542E19E702E500BAFA7F /* CenterFlow.app */ = {isa = PBXFileReference; explicitFileType = wrapper.application; includeInIndex = 0; path = CenterFlow.app; sourceTree = BUILT_PRODUCTS_DIR; };
		CF2A543219E702E500BAFA7F /* Info.plist */ = {isa = PBXFileReference; lastKnownFileType = text.plist.xml; path = Info.plist; sourceTree = "<group>"; };
		CF2A543319E702E500BAFA7F /* main.m */ = {isa = PBXFileReference; lastKnownFileType = sourcecode.c.objc; path = main.m; sourceTree = "<group>"; };
		CF2A543519E702E500BAFA7F /* KTAppDelegate.h */ = {isa = PBXFileReference; lastKnownFileType = sourcecode.c.h; path = KTAppDelegate.h; sourceTree = "<group>"; };
		CF2A543619E702E500BAFA7F /* KTAppDelegate.m */ = {isa = PBXFileReference; lastKnownFileType = sourcecode.c.objc; path = KTAppDelegate.m; sourceTree = "<group>"; };
		CF2A543E19E702E500BAFA7F /* Images.xcassets */ = {isa = PBXFileReference; lastKnownFileType = folder.assetcatalog; path = Images.xcassets; sourceTree = "<group>"; };
		CF2A544719E702E500BAFA7F /* CenterFlowTests.xctest */ = {isa = PBXFileReference; explicitFileType = wrapper.cfbundle; includeInIndex = 0; path = CenterFlowTests.xctest; sourceTree = BUILT_PRODUCTS_DIR; };
		CF2A544C19E702E500BAFA7F /* Info.plist */ = {isa = PBXFileReference; lastKnownFileType = text.plist.xml; path = Info.plist; sourceTree = "<group>"; };
		CF2A544D19E702E500BAFA7F /* CenterFlowTests.m */ = {isa = PBXFileReference; lastKnownFileType = sourcecode.c.objc; path = CenterFlowTests.m; sourceTree = "<group>"; };
		CF2A545719E704C700BAFA7F /* KTMainController.h */ = {isa = PBXFileReference; fileEncoding = 4; lastKnownFileType = sourcecode.c.h; path = KTMainController.h; sourceTree = "<group>"; };
		CF2A545819E704C700BAFA7F /* KTMainController.m */ = {isa = PBXFileReference; fileEncoding = 4; lastKnownFileType = sourcecode.c.objc; path = KTMainController.m; sourceTree = "<group>"; };
		CF2A545A19E7061300BAFA7F /* KTAwesomeCell.h */ = {isa = PBXFileReference; fileEncoding = 4; lastKnownFileType = sourcecode.c.h; path = KTAwesomeCell.h; sourceTree = "<group>"; };
		CF2A545B19E7061300BAFA7F /* KTAwesomeCell.m */ = {isa = PBXFileReference; fileEncoding = 4; lastKnownFileType = sourcecode.c.objc; path = KTAwesomeCell.m; sourceTree = "<group>"; };
		CF2A545D19E7084100BAFA7F /* Default-568h@2x.png */ = {isa = PBXFileReference; lastKnownFileType = image.png; path = "Default-568h@2x.png"; sourceTree = "<group>"; };
/* End PBXFileReference section */

/* Begin PBXFrameworksBuildPhase section */
		CF2A542B19E702E500BAFA7F /* Frameworks */ = {
			isa = PBXFrameworksBuildPhase;
			buildActionMask = 2147483647;
			files = (
				89C9C8C1CAA139E8C3F8DC27 /* libPods-CenterFlow.a in Frameworks */,
			);
			runOnlyForDeploymentPostprocessing = 0;
		};
		CF2A544419E702E500BAFA7F /* Frameworks */ = {
			isa = PBXFrameworksBuildPhase;
			buildActionMask = 2147483647;
			files = (
				5351A7ABCC652379D5412043 /* libPods-CenterFlowTests.a in Frameworks */,
			);
			runOnlyForDeploymentPostprocessing = 0;
		};
/* End PBXFrameworksBuildPhase section */

/* Begin PBXGroup section */
		0405686C57B14B068693DE2D /* Frameworks */ = {
			isa = PBXGroup;
			children = (
				19FE6FBDF1A7F0531B0558FC /* libPods-CenterFlow.a */,
				BA0FF2F233AC4708DDDF959F /* libPods-CenterFlowTests.a */,
			);
			name = Frameworks;
			sourceTree = "<group>";
		};
		49E6FFD8914783FD091479DC /* Pods */ = {
			isa = PBXGroup;
			children = (
				A75292300854AF4BFB32B96E /* Pods-CenterFlow.debug.xcconfig */,
				4AFEF64C7155472DB962BE48 /* Pods-CenterFlow.release.xcconfig */,
				3ECF6DD851140C95357BED1E /* Pods-CenterFlowTests.debug.xcconfig */,
				53AAACBC5E8ACD76A2F4BF31 /* Pods-CenterFlowTests.release.xcconfig */,
			);
			name = Pods;
			sourceTree = "<group>";
		};
		CF2A542519E702E500BAFA7F = {
			isa = PBXGroup;
			children = (
				CF2A543019E702E500BAFA7F /* CenterFlow */,
				CF2A544A19E702E500BAFA7F /* CenterFlowTests */,
				CF2A542F19E702E500BAFA7F /* Products */,
				0405686C57B14B068693DE2D /* Frameworks */,
				49E6FFD8914783FD091479DC /* Pods */,
			);
			sourceTree = "<group>";
		};
		CF2A542F19E702E500BAFA7F /* Products */ = {
			isa = PBXGroup;
			children = (
				CF2A542E19E702E500BAFA7F /* CenterFlow.app */,
				CF2A544719E702E500BAFA7F /* CenterFlowTests.xctest */,
			);
			name = Products;
			sourceTree = "<group>";
		};
		CF2A543019E702E500BAFA7F /* CenterFlow */ = {
			isa = PBXGroup;
			children = (
				CF2A545D19E7084100BAFA7F /* Default-568h@2x.png */,
				CF2A543519E702E500BAFA7F /* KTAppDelegate.h */,
				CF2A543619E702E500BAFA7F /* KTAppDelegate.m */,
				CF2A543E19E702E500BAFA7F /* Images.xcassets */,
				CF2A543119E702E500BAFA7F /* Supporting Files */,
				CF2A545719E704C700BAFA7F /* KTMainController.h */,
				CF2A545819E704C700BAFA7F /* KTMainController.m */,
				CF2A545A19E7061300BAFA7F /* KTAwesomeCell.h */,
				CF2A545B19E7061300BAFA7F /* KTAwesomeCell.m */,
			);
			path = CenterFlow;
			sourceTree = "<group>";
		};
		CF2A543119E702E500BAFA7F /* Supporting Files */ = {
			isa = PBXGroup;
			children = (
				CF2A543219E702E500BAFA7F /* Info.plist */,
				CF2A543319E702E500BAFA7F /* main.m */,
			);
			name = "Supporting Files";
			sourceTree = "<group>";
		};
		CF2A544A19E702E500BAFA7F /* CenterFlowTests */ = {
			isa = PBXGroup;
			children = (
				CF2A544D19E702E500BAFA7F /* CenterFlowTests.m */,
				CF2A544B19E702E500BAFA7F /* Supporting Files */,
			);
			path = CenterFlowTests;
			sourceTree = "<group>";
		};
		CF2A544B19E702E500BAFA7F /* Supporting Files */ = {
			isa = PBXGroup;
			children = (
				CF2A544C19E702E500BAFA7F /* Info.plist */,
			);
			name = "Supporting Files";
			sourceTree = "<group>";
		};
/* End PBXGroup section */

/* Begin PBXNativeTarget section */
		CF2A542D19E702E500BAFA7F /* CenterFlow */ = {
			isa = PBXNativeTarget;
			buildConfigurationList = CF2A545119E702E500BAFA7F /* Build configuration list for PBXNativeTarget "CenterFlow" */;
			buildPhases = (
				6A360096C3484F65AB0C8820 /* Check Pods Manifest.lock */,
				CF2A542A19E702E500BAFA7F /* Sources */,
				CF2A542B19E702E500BAFA7F /* Frameworks */,
				CF2A542C19E702E500BAFA7F /* Resources */,
				D97EA7C8F54344D1B18CEB4E /* Copy Pods Resources */,
			);
			buildRules = (
			);
			dependencies = (
			);
			name = CenterFlow;
			productName = CenterFlow;
			productReference = CF2A542E19E702E500BAFA7F /* CenterFlow.app */;
			productType = "com.apple.product-type.application";
		};
		CF2A544619E702E500BAFA7F /* CenterFlowTests */ = {
			isa = PBXNativeTarget;
			buildConfigurationList = CF2A545419E702E500BAFA7F /* Build configuration list for PBXNativeTarget "CenterFlowTests" */;
			buildPhases = (
				FAB80B0BEE844C7CABCBD919 /* Check Pods Manifest.lock */,
				CF2A544319E702E500BAFA7F /* Sources */,
				CF2A544419E702E500BAFA7F /* Frameworks */,
				CF2A544519E702E500BAFA7F /* Resources */,
				43CC5E58FF0D4F0B85C2BDC4 /* Copy Pods Resources */,
			);
			buildRules = (
			);
			dependencies = (
				CF2A544919E702E500BAFA7F /* PBXTargetDependency */,
			);
			name = CenterFlowTests;
			productName = CenterFlowTests;
			productReference = CF2A544719E702E500BAFA7F /* CenterFlowTests.xctest */;
			productType = "com.apple.product-type.bundle.unit-test";
		};
/* End PBXNativeTarget section */

/* Begin PBXProject section */
		CF2A542619E702E500BAFA7F /* Project object */ = {
			isa = PBXProject;
			attributes = {
				LastUpgradeCheck = 0600;
				ORGANIZATIONNAME = keighl;
				TargetAttributes = {
					CF2A542D19E702E500BAFA7F = {
						CreatedOnToolsVersion = 6.0.1;
					};
					CF2A544619E702E500BAFA7F = {
						CreatedOnToolsVersion = 6.0.1;
						TestTargetID = CF2A542D19E702E500BAFA7F;
					};
				};
			};
			buildConfigurationList = CF2A542919E702E500BAFA7F /* Build configuration list for PBXProject "CenterFlow" */;
			compatibilityVersion = "Xcode 3.2";
			developmentRegion = English;
			hasScannedForEncodings = 0;
			knownRegions = (
				en,
				Base,
			);
			mainGroup = CF2A542519E702E500BAFA7F;
			productRefGroup = CF2A542F19E702E500BAFA7F /* Products */;
			projectDirPath = "";
			projectRoot = "";
			targets = (
				CF2A542D19E702E500BAFA7F /* CenterFlow */,
				CF2A544619E702E500BAFA7F /* CenterFlowTests */,
			);
		};
/* End PBXProject section */

/* Begin PBXResourcesBuildPhase section */
		CF2A542C19E702E500BAFA7F /* Resources */ = {
			isa = PBXResourcesBuildPhase;
			buildActionMask = 2147483647;
			files = (
				CF2A543F19E702E500BAFA7F /* Images.xcassets in Resources */,
				CF2A545E19E7084100BAFA7F /* Default-568h@2x.png in Resources */,
			);
			runOnlyForDeploymentPostprocessing = 0;
		};
		CF2A544519E702E500BAFA7F /* Resources */ = {
			isa = PBXResourcesBuildPhase;
			buildActionMask = 2147483647;
			files = (
			);
			runOnlyForDeploymentPostprocessing = 0;
		};
/* End PBXResourcesBuildPhase section */

/* Begin PBXShellScriptBuildPhase section */
		43CC5E58FF0D4F0B85C2BDC4 /* Copy Pods Resources */ = {
			isa = PBXShellScriptBuildPhase;
			buildActionMask = 2147483647;
			files = (
			);
			inputPaths = (
			);
			name = "Copy Pods Resources";
			outputPaths = (
			);
			runOnlyForDeploymentPostprocessing = 0;
			shellPath = /bin/sh;
			shellScript = "\"${SRCROOT}/Pods/Target Support Files/Pods-CenterFlowTests/Pods-CenterFlowTests-resources.sh\"\n";
			showEnvVarsInLog = 0;
		};
		6A360096C3484F65AB0C8820 /* Check Pods Manifest.lock */ = {
			isa = PBXShellScriptBuildPhase;
			buildActionMask = 2147483647;
			files = (
			);
			inputPaths = (
			);
			name = "Check Pods Manifest.lock";
			outputPaths = (
			);
			runOnlyForDeploymentPostprocessing = 0;
			shellPath = /bin/sh;
			shellScript = "diff \"${PODS_ROOT}/../Podfile.lock\" \"${PODS_ROOT}/Manifest.lock\" > /dev/null\nif [[ $? != 0 ]] ; then\n    cat << EOM\nerror: The sandbox is not in sync with the Podfile.lock. Run 'pod install' or update your CocoaPods installation.\nEOM\n    exit 1\nfi\n";
			showEnvVarsInLog = 0;
		};
		D97EA7C8F54344D1B18CEB4E /* Copy Pods Resources */ = {
			isa = PBXShellScriptBuildPhase;
			buildActionMask = 2147483647;
			files = (
			);
			inputPaths = (
			);
			name = "Copy Pods Resources";
			outputPaths = (
			);
			runOnlyForDeploymentPostprocessing = 0;
			shellPath = /bin/sh;
			shellScript = "\"${SRCROOT}/Pods/Target Support Files/Pods-CenterFlow/Pods-CenterFlow-resources.sh\"\n";
			showEnvVarsInLog = 0;
		};
		FAB80B0BEE844C7CABCBD919 /* Check Pods Manifest.lock */ = {
			isa = PBXShellScriptBuildPhase;
			buildActionMask = 2147483647;
			files = (
			);
			inputPaths = (
			);
			name = "Check Pods Manifest.lock";
			outputPaths = (
			);
			runOnlyForDeploymentPostprocessing = 0;
			shellPath = /bin/sh;
			shellScript = "diff \"${PODS_ROOT}/../Podfile.lock\" \"${PODS_ROOT}/Manifest.lock\" > /dev/null\nif [[ $? != 0 ]] ; then\n    cat << EOM\nerror: The sandbox is not in sync with the Podfile.lock. Run 'pod install' or update your CocoaPods installation.\nEOM\n    exit 1\nfi\n";
			showEnvVarsInLog = 0;
		};
/* End PBXShellScriptBuildPhase section */

/* Begin PBXSourcesBuildPhase section */
		CF2A542A19E702E500BAFA7F /* Sources */ = {
			isa = PBXSourcesBuildPhase;
			buildActionMask = 2147483647;
			files = (
				CF2A543719E702E500BAFA7F /* KTAppDelegate.m in Sources */,
				CF2A545C19E7061300BAFA7F /* KTAwesomeCell.m in Sources */,
				CF2A545919E704C700BAFA7F /* KTMainController.m in Sources */,
				CF2A543419E702E500BAFA7F /* main.m in Sources */,
			);
			runOnlyForDeploymentPostprocessing = 0;
		};
		CF2A544319E702E500BAFA7F /* Sources */ = {
			isa = PBXSourcesBuildPhase;
			buildActionMask = 2147483647;
			files = (
				CF2A544E19E702E500BAFA7F /* CenterFlowTests.m in Sources */,
			);
			runOnlyForDeploymentPostprocessing = 0;
		};
/* End PBXSourcesBuildPhase section */

/* Begin PBXTargetDependency section */
		CF2A544919E702E500BAFA7F /* PBXTargetDependency */ = {
			isa = PBXTargetDependency;
			target = CF2A542D19E702E500BAFA7F /* CenterFlow */;
			targetProxy = CF2A544819E702E500BAFA7F /* PBXContainerItemProxy */;
		};
/* End PBXTargetDependency section */

/* Begin XCBuildConfiguration section */
		CF2A544F19E702E500BAFA7F /* Debug */ = {
			isa = XCBuildConfiguration;
			buildSettings = {
				ALWAYS_SEARCH_USER_PATHS = NO;
				CLANG_CXX_LANGUAGE_STANDARD = "gnu++0x";
				CLANG_CXX_LIBRARY = "libc++";
				CLANG_ENABLE_MODULES = YES;
				CLANG_ENABLE_OBJC_ARC = YES;
				CLANG_WARN_BOOL_CONVERSION = YES;
				CLANG_WARN_CONSTANT_CONVERSION = YES;
				CLANG_WARN_DIRECT_OBJC_ISA_USAGE = YES_ERROR;
				CLANG_WARN_EMPTY_BODY = YES;
				CLANG_WARN_ENUM_CONVERSION = YES;
				CLANG_WARN_INT_CONVERSION = YES;
				CLANG_WARN_OBJC_ROOT_CLASS = YES_ERROR;
				CLANG_WARN_UNREACHABLE_CODE = YES;
				CLANG_WARN__DUPLICATE_METHOD_MATCH = YES;
				"CODE_SIGN_IDENTITY[sdk=iphoneos*]" = "iPhone Developer";
				COPY_PHASE_STRIP = NO;
				ENABLE_STRICT_OBJC_MSGSEND = YES;
				GCC_C_LANGUAGE_STANDARD = gnu99;
				GCC_DYNAMIC_NO_PIC = NO;
				GCC_OPTIMIZATION_LEVEL = 0;
				GCC_PREPROCESSOR_DEFINITIONS = (
					"DEBUG=1",
					"$(inherited)",
				);
				GCC_SYMBOLS_PRIVATE_EXTERN = NO;
				GCC_WARN_64_TO_32_BIT_CONVERSION = YES;
				GCC_WARN_ABOUT_RETURN_TYPE = YES_ERROR;
				GCC_WARN_UNDECLARED_SELECTOR = YES;
				GCC_WARN_UNINITIALIZED_AUTOS = YES_AGGRESSIVE;
				GCC_WARN_UNUSED_FUNCTION = YES;
				GCC_WARN_UNUSED_VARIABLE = YES;
				IPHONEOS_DEPLOYMENT_TARGET = 8.0;
				MTL_ENABLE_DEBUG_INFO = YES;
				ONLY_ACTIVE_ARCH = YES;
				SDKROOT = iphoneos;
			};
			name = Debug;
		};
		CF2A545019E702E500BAFA7F /* Release */ = {
			isa = XCBuildConfiguration;
			buildSettings = {
				ALWAYS_SEARCH_USER_PATHS = NO;
				CLANG_CXX_LANGUAGE_STANDARD = "gnu++0x";
				CLANG_CXX_LIBRARY = "libc++";
				CLANG_ENABLE_MODULES = YES;
				CLANG_ENABLE_OBJC_ARC = YES;
				CLANG_WARN_BOOL_CONVERSION = YES;
				CLANG_WARN_CONSTANT_CONVERSION = YES;
				CLANG_WARN_DIRECT_OBJC_ISA_USAGE = YES_ERROR;
				CLANG_WARN_EMPTY_BODY = YES;
				CLANG_WARN_ENUM_CONVERSION = YES;
				CLANG_WARN_INT_CONVERSION = YES;
				CLANG_WARN_OBJC_ROOT_CLASS = YES_ERROR;
				CLANG_WARN_UNREACHABLE_CODE = YES;
				CLANG_WARN__DUPLICATE_METHOD_MATCH = YES;
				"CODE_SIGN_IDENTITY[sdk=iphoneos*]" = "iPhone Developer";
				COPY_PHASE_STRIP = YES;
				ENABLE_NS_ASSERTIONS = NO;
				ENABLE_STRICT_OBJC_MSGSEND = YES;
				GCC_C_LANGUAGE_STANDARD = gnu99;
				GCC_WARN_64_TO_32_BIT_CONVERSION = YES;
				GCC_WARN_ABOUT_RETURN_TYPE = YES_ERROR;
				GCC_WARN_UNDECLARED_SELECTOR = YES;
				GCC_WARN_UNINITIALIZED_AUTOS = YES_AGGRESSIVE;
				GCC_WARN_UNUSED_FUNCTION = YES;
				GCC_WARN_UNUSED_VARIABLE = YES;
				IPHONEOS_DEPLOYMENT_TARGET = 8.0;
				MTL_ENABLE_DEBUG_INFO = NO;
				SDKROOT = iphoneos;
				VALIDATE_PRODUCT = YES;
			};
			name = Release;
		};
		CF2A545219E702E500BAFA7F /* Debug */ = {
			isa = XCBuildConfiguration;
			baseConfigurationReference = A75292300854AF4BFB32B96E /* Pods-CenterFlow.debug.xcconfig */;
			buildSettings = {
				ASSETCATALOG_COMPILER_APPICON_NAME = AppIcon;
				INFOPLIST_FILE = CenterFlow/Info.plist;
				IPHONEOS_DEPLOYMENT_TARGET = 7.0;
				LD_RUNPATH_SEARCH_PATHS = "$(inherited) @executable_path/Frameworks";
				PRODUCT_NAME = "$(TARGET_NAME)";
			};
			name = Debug;
		};
		CF2A545319E702E500BAFA7F /* Release */ = {
			isa = XCBuildConfiguration;
			baseConfigurationReference = 4AFEF64C7155472DB962BE48 /* Pods-CenterFlow.release.xcconfig */;
			buildSettings = {
				ASSETCATALOG_COMPILER_APPICON_NAME = AppIcon;
				INFOPLIST_FILE = CenterFlow/Info.plist;
				IPHONEOS_DEPLOYMENT_TARGET = 7.0;
				LD_RUNPATH_SEARCH_PATHS = "$(inherited) @executable_path/Frameworks";
				PRODUCT_NAME = "$(TARGET_NAME)";
			};
			name = Release;
		};
		CF2A545519E702E500BAFA7F /* Debug */ = {
			isa = XCBuildConfiguration;
			baseConfigurationReference = 3ECF6DD851140C95357BED1E /* Pods-CenterFlowTests.debug.xcconfig */;
			buildSettings = {
				BUNDLE_LOADER = "$(TEST_HOST)";
				FRAMEWORK_SEARCH_PATHS = (
					"$(SDKROOT)/Developer/Library/Frameworks",
					"$(inherited)",
				);
				GCC_PREPROCESSOR_DEFINITIONS = (
					"DEBUG=1",
					"$(inherited)",
				);
				INFOPLIST_FILE = CenterFlowTests/Info.plist;
				LD_RUNPATH_SEARCH_PATHS = "$(inherited) @executable_path/Frameworks @loader_path/Frameworks";
				PRODUCT_NAME = "$(TARGET_NAME)";
				TEST_HOST = "$(BUILT_PRODUCTS_DIR)/CenterFlow.app/CenterFlow";
			};
			name = Debug;
		};
		CF2A545619E702E500BAFA7F /* Release */ = {
			isa = XCBuildConfiguration;
			baseConfigurationReference = 53AAACBC5E8ACD76A2F4BF31 /* Pods-CenterFlowTests.release.xcconfig */;
			buildSettings = {
				BUNDLE_LOADER = "$(TEST_HOST)";
				FRAMEWORK_SEARCH_PATHS = (
					"$(SDKROOT)/Developer/Library/Frameworks",
					"$(inherited)",
				);
				INFOPLIST_FILE = CenterFlowTests/Info.plist;
				LD_RUNPATH_SEARCH_PATHS = "$(inherited) @executable_path/Frameworks @loader_path/Frameworks";
				PRODUCT_NAME = "$(TARGET_NAME)";
				TEST_HOST = "$(BUILT_PRODUCTS_DIR)/CenterFlow.app/CenterFlow";
			};
			name = Release;
		};
/* End XCBuildConfiguration section */

/* Begin XCConfigurationList section */
		CF2A542919E702E500BAFA7F /* Build configuration list for PBXProject "CenterFlow" */ = {
			isa = XCConfigurationList;
			buildConfigurations = (
				CF2A544F19E702E500BAFA7F /* Debug */,
				CF2A545019E702E500BAFA7F /* Release */,
			);
			defaultConfigurationIsVisible = 0;
			defaultConfigurationName = Release;
		};
		CF2A545119E702E500BAFA7F /* Build configuration list for PBXNativeTarget "CenterFlow" */ = {
			isa = XCConfigurationList;
			buildConfigurations = (
				CF2A545219E702E500BAFA7F /* Debug */,
				CF2A545319E702E500BAFA7F /* Release */,
			);
			defaultConfigurationIsVisible = 0;
			defaultConfigurationName = Release;
		};
		CF2A545419E702E500BAFA7F /* Build configuration list for PBXNativeTarget "CenterFlowTests" */ = {
			isa = XCConfigurationList;
			buildConfigurations = (
				CF2A545519E702E500BAFA7F /* Debug */,
				CF2A545619E702E500BAFA7F /* Release */,
			);
			defaultConfigurationIsVisible = 0;
			defaultConfigurationName = Release;
		};
/* End XCConfigurationList section */
	};
	rootObject = CF2A542619E702E500BAFA7F /* Project object */;
}
